<?xml version="1.0" encoding="utf-8"?>
<Project ToolsVersion="4.0" xmlns="http://schemas.microsoft.com/developer/msbuild/2003">
  <ItemGroup>
    <Filter Include="Source Files">
      <UniqueIdentifier>{29391916-aae7-4377-908f-045e33df2960}</UniqueIdentifier>
      <Extensions>cpp;c;cxx;rc;def;r;odl;idl;hpj;bat</Extensions>
    </Filter>
    <Filter Include="Header Files">
      <UniqueIdentifier>{0fb74361-42bf-429a-9758-204baf211b45}</UniqueIdentifier>
      <Extensions>h;hpp;hxx;hm;inl</Extensions>
    </Filter>
  </ItemGroup>
  <ItemGroup>
    <ClCompile Include="..\src\AcceleratorDef.cpp">
      <Filter>Source Files</Filter>
    </ClCompile>
    <ClCompile Include="..\src\AcceleratorManager.cpp">
      <Filter>Source Files</Filter>
    </ClCompile>
    <ClCompile Include="..\src\hangul\Ci.cpp">
      <Filter>Source Files</Filter>
    </ClCompile>
    <ClCompile Include="..\src\Imm\CImm.cpp">
      <Filter>Source Files</Filter>
    </ClCompile>
    <ClCompile Include="..\..\..\..\..\game(800)\designed\project\VS_UI\lib\Client_PCH.cpp">
      <Filter>Source Files</Filter>
    </ClCompile>
    <ClCompile Include="..\src\hangul\FL2.cpp">
      <Filter>Source Files</Filter>
    </ClCompile>
    <ClCompile Include="..\src\KeyAccelerator.cpp">
      <Filter>Source Files</Filter>
    </ClCompile>
    <ClCompile Include="..\src\widget\mother.cpp">
      <Filter>Source Files</Filter>
    </ClCompile>
    <ClCompile Include="..\src\widget\pi_core.cpp">
      <Filter>Source Files</Filter>
    </ClCompile>
    <ClCompile Include="..\src\SkinManager.cpp">
      <Filter>Source Files</Filter>
    </ClCompile>
    <ClCompile Include="..\SXml.cpp">
      <Filter>Source Files</Filter>
    </ClCompile>
    <ClCompile Include="..\src\widget\u_button.cpp">
      <Filter>Source Files</Filter>
    </ClCompile>
    <ClCompile Include="..\src\widget\U_edit.cpp">
      <Filter>Source Files</Filter>
    </ClCompile>
    <ClCompile Include="..\src\widget\u_scrollbar.cpp">
      <Filter>Source Files</Filter>
    </ClCompile>
    <ClCompile Include="..\src\widget\u_window.cpp">
      <Filter>Source Files</Filter>
    </ClCompile>
    <ClCompile Include="..\src\Vs_ui.cpp">
      <Filter>Source Files</Filter>
    </ClCompile>
    <ClCompile Include="..\src\VS_UI_Base.cpp">
      <Filter>Source Files</Filter>
    </ClCompile>
    <ClCompile Include="..\src\VS_UI_BBS.cpp">
      <Filter>Source Files</Filter>
    </ClCompile>
    <ClCompile Include="..\src\VS_UI_DESC.cpp">
      <Filter>Source Files</Filter>
    </ClCompile>
    <ClCompile Include="..\src\VS_UI_Description.cpp">
      <Filter>Source Files</Filter>
    </ClCompile>
    <ClCompile Include="..\src\VS_UI_Descriptor.cpp">
      <Filter>Source Files</Filter>
    </ClCompile>
    <ClCompile Include="..\src\VS_UI_Dialog.cpp">
      <Filter>Source Files</Filter>
    </ClCompile>
    <ClCompile Include="..\src\VS_UI_ELEVATOR.cpp">
      <Filter>Source Files</Filter>
    </ClCompile>
    <ClCompile Include="..\src\VS_UI_Exception.cpp">
      <Filter>Source Files</Filter>
    </ClCompile>
    <ClCompile Include="..\src\VS_UI_Exchange.cpp">
      <Filter>Source Files</Filter>
    </ClCompile>
    <ClCompile Include="..\src\VS_UI_ExtraDialog.cpp">
      <Filter>Source Files</Filter>
    </ClCompile>
    <ClCompile Include="..\src\VS_UI_Game.cpp">
      <Filter>Source Files</Filter>
    </ClCompile>
    <ClCompile Include="..\src\VS_UI_GameCommon.cpp">
      <Filter>Source Files</Filter>
    </ClCompile>
    <ClCompile Include="..\src\vs_ui_gamecommon2.cpp">
      <Filter>Source Files</Filter>
    </ClCompile>
    <ClCompile Include="..\src\VS_UI_GameOusters.cpp">
      <Filter>Source Files</Filter>
    </ClCompile>
    <ClCompile Include="..\src\VS_UI_GameSlayer.cpp">
      <Filter>Source Files</Filter>
    </ClCompile>
    <ClCompile Include="..\src\VS_UI_GameVampire.cpp">
      <Filter>Source Files</Filter>
    </ClCompile>
    <ClCompile Include="..\src\VS_UI_GlobalResource.cpp">
      <Filter>Source Files</Filter>
    </ClCompile>
    <ClCompile Include="..\src\VS_UI_Helper.cpp">
      <Filter>Source Files</Filter>
    </ClCompile>
    <ClCompile Include="..\src\VS_UI_Item.cpp">
      <Filter>Source Files</Filter>
    </ClCompile>
    <ClCompile Include="..\src\VS_UI_Message.cpp">
      <Filter>Source Files</Filter>
    </ClCompile>
    <ClCompile Include="..\src\VS_UI_mouse_pointer.cpp">
      <Filter>Source Files</Filter>
    </ClCompile>
    <ClCompile Include="..\src\VS_UI_PetStorage.cpp">
      <Filter>Source Files</Filter>
    </ClCompile>
    <ClCompile Include="..\src\VS_UI_progress.cpp">
      <Filter>Source Files</Filter>
    </ClCompile>
    <ClCompile Include="..\src\VS_UI_Shop.cpp">
      <Filter>Source Files</Filter>
    </ClCompile>
    <ClCompile Include="..\src\VS_UI_skill_tree.cpp">
      <Filter>Source Files</Filter>
    </ClCompile>
    <ClCompile Include="..\src\VS_UI_Storage.cpp">
      <Filter>Source Files</Filter>
    </ClCompile>
    <ClCompile Include="..\src\VS_UI_Title.cpp">
      <Filter>Source Files</Filter>
    </ClCompile>
    <ClCompile Include="..\src\VS_UI_TITLE_SHOWCHAR.CPP">
      <Filter>Source Files</Filter>
    </ClCompile>
    <ClCompile Include="..\src\VS_UI_Tutorial.cpp">
      <Filter>Source Files</Filter>
    </ClCompile>
    <ClCompile Include="..\src\VS_UI_ui_result_receiver.cpp">
      <Filter>Source Files</Filter>
    </ClCompile>
    <ClCompile Include="..\src\VS_UI_util.cpp">
      <Filter>Source Files</Filter>
    </ClCompile>
    <ClCompile Include="..\src\VS_UI_WebBrowser.cpp">
      <Filter>Source Files</Filter>
    </ClCompile>
    <ClCompile Include="..\src\VS_UI_widget.cpp">
      <Filter>Source Files</Filter>
    </ClCompile>
  </ItemGroup>
  <ItemGroup>
    <ClInclude Include="..\src\header\AcceleratorDef.h">
      <Filter>Header Files</Filter>
    </ClInclude>
    <ClInclude Include="..\src\header\AcceleratorManager.h">
      <Filter>Header Files</Filter>
    </ClInclude>
    <ClInclude Include="..\src\hangul\Ci.h">
      <Filter>Header Files</Filter>
    </ClInclude>
    <ClInclude Include="..\..\..\..\..\game(800)\designed\project\VS_UI\lib\Client_PCH.h">
      <Filter>Header Files</Filter>
    </ClInclude>
    <ClInclude Include="..\src\hangul\Fl2.h">
      <Filter>Header Files</Filter>
    </ClInclude>
    <ClInclude Include="..\src\header\KeyAccelerator.h">
      <Filter>Header Files</Filter>
    </ClInclude>
    <ClInclude Include="..\src\widget\mother.h">
      <Filter>Header Files</Filter>
    </ClInclude>
    <ClInclude Include="..\src\widget\PI.H">
      <Filter>Header Files</Filter>
    </ClInclude>
    <ClInclude Include="..\src\widget\pi_core.h">
      <Filter>Header Files</Filter>
    </ClInclude>
    <ClInclude Include="..\src\widget\SimpleDataList.h">
      <Filter>Header Files</Filter>
    </ClInclude>
    <ClInclude Include="..\src\header\SkinManager.h">
      <Filter>Header Files</Filter>
    </ClInclude>
    <ClInclude Include="..\src\widget\u_button.h">
      <Filter>Header Files</Filter>
    </ClInclude>
    <ClInclude Include="..\src\widget\U_edit.h">
      <Filter>Header Files</Filter>
    </ClInclude>
    <ClInclude Include="..\src\widget\u_scrollbar.h">
      <Filter>Header Files</Filter>
    </ClInclude>
    <ClInclude Include="..\src\widget\u_window.h">
      <Filter>Header Files</Filter>
    </ClInclude>
    <ClInclude Include="..\src\widget\unicorn.h">
      <Filter>Header Files</Filter>
    </ClInclude>
    <ClInclude Include="..\src\header\VS_UI.h">
      <Filter>Header Files</Filter>
    </ClInclude>
    <ClInclude Include="..\src\header\VS_UI_Base.h">
      <Filter>Header Files</Filter>
    </ClInclude>
    <ClInclude Include="..\src\header\VS_UI_bbs.h">
      <Filter>Header Files</Filter>
    </ClInclude>
    <ClInclude Include="..\src\header\VS_UI_DESC.h">
      <Filter>Header Files</Filter>
    </ClInclude>
    <ClInclude Include="..\src\header\VS_UI_Description.h">
      <Filter>Header Files</Filter>
    </ClInclude>
    <ClInclude Include="..\src\header\VS_UI_descriptor.h">
      <Filter>Header Files</Filter>
    </ClInclude>
    <ClInclude Include="..\src\header\VS_UI_Dialog.h">
      <Filter>Header Files</Filter>
    </ClInclude>
    <ClInclude Include="..\src\header\VS_UI_ELEVATOR.h">
      <Filter>Header Files</Filter>
    </ClInclude>
    <ClInclude Include="..\src\header\VS_UI_Exchange.h">
      <Filter>Header Files</Filter>
    </ClInclude>
    <ClInclude Include="..\src\header\VS_UI_ExtraDialog.h">
      <Filter>Header Files</Filter>
    </ClInclude>
    <ClInclude Include="..\src\header\VS_UI_filepath.h">
      <Filter>Header Files</Filter>
    </ClInclude>
    <ClInclude Include="..\src\header\VS_UI_Game.h">
      <Filter>Header Files</Filter>
    </ClInclude>
    <ClInclude Include="..\src\header\VS_UI_GameCommon.h">
      <Filter>Header Files</Filter>
    </ClInclude>
    <ClInclude Include="..\src\header\VS_UI_GameCommon2.h">
      <Filter>Header Files</Filter>
    </ClInclude>
    <ClInclude Include="..\src\header\VS_UI_GameOusters.h">
      <Filter>Header Files</Filter>
    </ClInclude>
    <ClInclude Include="..\src\header\VS_UI_GameSlayer.h">
      <Filter>Header Files</Filter>
    </ClInclude>
    <ClInclude Include="..\src\header\VS_UI_GameVampire.h">
      <Filter>Header Files</Filter>
    </ClInclude>
    <ClInclude Include="..\src\header\VS_UI_GlobalResource.h">
      <Filter>Header Files</Filter>
    </ClInclude>
    <ClInclude Include="..\src\header\VS_UI_Helper.h">
      <Filter>Header Files</Filter>
    </ClInclude>
    <ClInclude Include="..\src\header\VS_UI_item.h">
      <Filter>Header Files</Filter>
    </ClInclude>
    <ClInclude Include="..\src\header\VS_UI_Message.h">
      <Filter>Header Files</Filter>
    </ClInclude>
    <ClInclude Include="..\src\header\VS_UI_mouse_pointer.h">
      <Filter>Header Files</Filter>
    </ClInclude>
    <ClInclude Include="..\src\header\VS_UI_PetStorage.h">
      <Filter>Header Files</Filter>
    </ClInclude>
    <ClInclude Include="..\src\header\VS_UI_progress.h">
      <Filter>Header Files</Filter>
    </ClInclude>
    <ClInclude Include="..\src\header\VS_UI_Shop.h">
      <Filter>Header Files</Filter>
    </ClInclude>
    <ClInclude Include="..\src\header\VS_UI_skill_tree.h">
      <Filter>Header Files</Filter>
    </ClInclude>
    <ClInclude Include="..\src\header\VS_UI_Storage.h">
      <Filter>Header Files</Filter>
    </ClInclude>
    <ClInclude Include="..\src\header\VS_UI_title.h">
      <Filter>Header Files</Filter>
    </ClInclude>
    <ClInclude Include="..\src\header\VS_UI_Tutorial.h">
      <Filter>Header Files</Filter>
    </ClInclude>
    <ClInclude Include="..\src\header\VS_UI_ui_result_receiver.h">
      <Filter>Header Files</Filter>
    </ClInclude>
    <ClInclude Include="..\src\header\VS_UI_UIMessage.h">
      <Filter>Header Files</Filter>
    </ClInclude>
    <ClInclude Include="..\src\header\VS_UI_util.h">
      <Filter>Header Files</Filter>
    </ClInclude>
    <ClInclude Include="..\src\header\VS_UI_WebBrowser.h">
      <Filter>Header Files</Filter>
    </ClInclude>
    <ClInclude Include="..\src\header\VS_UI_widget.h">
      <Filter>Header Files</Filter>
    </ClInclude>
  </ItemGroup>
</Project>