<?xml version="1.0" encoding="utf-8"?>
<Project ToolsVersion="4.0" xmlns="http://schemas.microsoft.com/developer/msbuild/2003">
  <ItemGroup>
    <Filter Include="Source Files">
      <UniqueIdentifier>{a21ca4d1-1721-4ac2-9e0a-78214b0f3d74}</UniqueIdentifier>
      <Extensions>cpp;c;cxx;rc;def;r;odl;idl;hpj;bat</Extensions>
    </Filter>
    <Filter Include="Header Files">
      <UniqueIdentifier>{cd224149-9680-423b-bb85-6e6d7b84b858}</UniqueIdentifier>
      <Extensions>h;hpp;hxx;hm;inl</Extensions>
    </Filter>
    <Filter Include="Ex">
      <UniqueIdentifier>{36ed0de9-dd81-449e-a197-dfdee41dd667}</UniqueIdentifier>
    </Filter>
    <Filter Include="Widget">
      <UniqueIdentifier>{afe9394d-f973-4f1d-a876-7e055039c14c}</UniqueIdentifier>
      <Extensions>h;cpp</Extensions>
    </Filter>
    <Filter Include="hangul">
      <UniqueIdentifier>{90aa28b4-828f-477f-9704-e1cfcc625349}</UniqueIdentifier>
      <Extensions>h;cpp</Extensions>
    </Filter>
    <Filter Include="CImm">
      <UniqueIdentifier>{6cd5c2de-dfe3-4518-9d56-7ae817b32d72}</UniqueIdentifier>
    </Filter>
    <Filter Include="Resource Files">
      <UniqueIdentifier>{fb4370d9-9543-486b-8034-4c6a4a42fc38}</UniqueIdentifier>
      <Extensions>ico;cur;bmp;dlg;rc2;rct;bin;rgs;gif;jpg;jpeg;jpe</Extensions>
    </Filter>
  </ItemGroup>
  <ItemGroup>
    <ClCompile Include="src\AcceleratorDef.cpp">
      <Filter>Source Files</Filter>
    </ClCompile>
    <ClCompile Include="src\AcceleratorManager.cpp">
      <Filter>Source Files</Filter>
    </ClCompile>
    <ClCompile Include="src\KeyAccelerator.cpp">
      <Filter>Source Files</Filter>
    </ClCompile>
    <ClCompile Include="..\client\LeakMemoryDumper.cpp">
      <Filter>Source Files</Filter>
    </ClCompile>
    <ClCompile Include="MitemTableInit.cpp">
      <Filter>Source Files</Filter>
    </ClCompile>
    <ClCompile Include="src\SkinManager.cpp">
      <Filter>Source Files</Filter>
    </ClCompile>
    <ClCompile Include="src\VS_UI.cpp">
      <Filter>Source Files</Filter>
    </ClCompile>
    <ClCompile Include="src\VS_UI_Base.cpp">
      <Filter>Source Files</Filter>
    </ClCompile>
    <ClCompile Include="src\VS_UI_bbs.cpp">
      <Filter>Source Files</Filter>
    </ClCompile>
    <ClCompile Include="src\VS_UI_DESC.cpp">
      <Filter>Source Files</Filter>
    </ClCompile>
    <ClCompile Include="src\VS_UI_Description.cpp">
      <Filter>Source Files</Filter>
    </ClCompile>
    <ClCompile Include="src\VS_UI_descriptor.cpp">
      <Filter>Source Files</Filter>
    </ClCompile>
    <ClCompile Include="src\VS_UI_Dialog.cpp">
      <Filter>Source Files</Filter>
    </ClCompile>
    <ClCompile Include="src\VS_UI_ELEVATOR.cpp">
      <Filter>Source Files</Filter>
    </ClCompile>
    <ClCompile Include="src\VS_UI_Exception.cpp">
      <Filter>Source Files</Filter>
    </ClCompile>
    <ClCompile Include="src\VS_UI_Exchange.cpp">
      <Filter>Source Files</Filter>
    </ClCompile>
    <ClCompile Include="src\VS_UI_ExtraDialog.cpp">
      <Filter>Source Files</Filter>
    </ClCompile>
    <ClCompile Include="src\VS_UI_Game.cpp">
      <Filter>Source Files</Filter>
    </ClCompile>
    <ClCompile Include="src\VS_UI_GameCommon.cpp">
      <Filter>Source Files</Filter>
    </ClCompile>
    <ClCompile Include="src\vs_ui_gamecommon2.cpp">
      <Filter>Source Files</Filter>
    </ClCompile>
    <ClCompile Include="src\VS_UI_GameOusters.cpp">
      <Filter>Source Files</Filter>
    </ClCompile>
    <ClCompile Include="src\VS_UI_GameSlayer.cpp">
      <Filter>Source Files</Filter>
    </ClCompile>
    <ClCompile Include="src\VS_UI_GameVampire.cpp">
      <Filter>Source Files</Filter>
    </ClCompile>
    <ClCompile Include="src\VS_UI_GlobalResource.cpp">
      <Filter>Source Files</Filter>
    </ClCompile>
    <ClCompile Include="src\VS_UI_Helper.cpp">
      <Filter>Source Files</Filter>
    </ClCompile>
    <ClCompile Include="src\VS_UI_item.cpp">
      <Filter>Source Files</Filter>
    </ClCompile>
    <ClCompile Include="src\VS_UI_Message.cpp">
      <Filter>Source Files</Filter>
    </ClCompile>
    <ClCompile Include="src\VS_UI_mouse_pointer.cpp">
      <Filter>Source Files</Filter>
    </ClCompile>
    <ClCompile Include="src\VS_UI_PetStorage.cpp">
      <Filter>Source Files</Filter>
    </ClCompile>
    <ClCompile Include="src\VS_UI_progress.cpp">
      <Filter>Source Files</Filter>
    </ClCompile>
    <ClCompile Include="src\VS_UI_Shop.cpp">
      <Filter>Source Files</Filter>
    </ClCompile>
    <ClCompile Include="src\VS_UI_skill_tree.cpp">
      <Filter>Source Files</Filter>
    </ClCompile>
    <ClCompile Include="src\VS_UI_SKILL_VIEW.cpp">
      <Filter>Source Files</Filter>
    </ClCompile>
    <ClCompile Include="src\VS_UI_Storage.cpp">
      <Filter>Source Files</Filter>
    </ClCompile>
    <ClCompile Include="src\VS_UI_title.cpp">
      <Filter>Source Files</Filter>
    </ClCompile>
    <ClCompile Include="src\VS_UI_TITLE_SHOWCHAR.CPP">
      <Filter>Source Files</Filter>
    </ClCompile>
    <ClCompile Include="src\VS_UI_Tutorial.cpp">
      <Filter>Source Files</Filter>
    </ClCompile>
    <ClCompile Include="src\VS_UI_ui_result_receiver.cpp">
      <Filter>Source Files</Filter>
    </ClCompile>
    <ClCompile Include="src\VS_UI_util.cpp">
      <Filter>Source Files</Filter>
    </ClCompile>
    <ClCompile Include="src\VS_UI_WebBrowser.cpp">
      <Filter>Source Files</Filter>
    </ClCompile>
    <ClCompile Include="src\VS_UI_widget.cpp">
      <Filter>Source Files</Filter>
    </ClCompile>
    <ClCompile Include="WinMain.cpp">
      <Filter>Source Files</Filter>
    </ClCompile>
    <ClCompile Include="..\client\ClientConfig.cpp">
      <Filter>Ex</Filter>
    </ClCompile>
    <ClCompile Include="..\client\ClientFunction.cpp">
      <Filter>Ex</Filter>
    </ClCompile>
    <ClCompile Include="..\client\CMessageArray.cpp">
      <Filter>Ex</Filter>
    </ClCompile>
    <ClCompile Include="..\client\CSoundPartManager.cpp">
      <Filter>Ex</Filter>
    </ClCompile>
    <ClCompile Include="..\client\DebugInfo.cpp">
      <Filter>Ex</Filter>
    </ClCompile>
    <ClCompile Include="..\client\ExperienceTable.cpp">
      <Filter>Ex</Filter>
    </ClCompile>
    <ClCompile Include="..\client\ExpInfo.cpp">
      <Filter>Ex</Filter>
    </ClCompile>
    <ClCompile Include="..\client\FameInfo.cpp">
      <Filter>Ex</Filter>
    </ClCompile>
    <ClCompile Include="..\client\MCreatureTable.cpp">
      <Filter>Ex</Filter>
    </ClCompile>
    <ClCompile Include="..\client\MEventManager.cpp">
      <Filter>Ex</Filter>
    </ClCompile>
    <ClCompile Include="..\client\MFunctionManager.cpp">
      <Filter>Ex</Filter>
    </ClCompile>
    <ClCompile Include="..\client\MGameStringTable.cpp">
      <Filter>Ex</Filter>
    </ClCompile>
    <ClCompile Include="..\client\MGridItemManager.cpp">
      <Filter>Ex</Filter>
    </ClCompile>
    <ClCompile Include="..\client\MGuildInfoMapper.cpp">
      <Filter>Ex</Filter>
    </ClCompile>
    <ClCompile Include="..\client\MGuildMarkManager.cpp">
      <Filter>Ex</Filter>
    </ClCompile>
    <ClCompile Include="..\client\MHelpMessageManager.cpp">
      <Filter>Ex</Filter>
    </ClCompile>
    <ClCompile Include="..\client\MInventory.cpp">
      <Filter>Ex</Filter>
    </ClCompile>
    <ClCompile Include="..\client\MItem.cpp">
      <Filter>Ex</Filter>
    </ClCompile>
    <ClCompile Include="..\client\MItemManager.cpp">
      <Filter>Ex</Filter>
    </ClCompile>
    <ClCompile Include="..\client\MItemOptionTable.cpp">
      <Filter>Ex</Filter>
    </ClCompile>
    <ClCompile Include="..\client\MItemTable.cpp">
      <Filter>Ex</Filter>
    </ClCompile>
    <ClCompile Include="..\client\MMoneyManager.cpp">
      <Filter>Ex</Filter>
    </ClCompile>
    <ClCompile Include="..\client\MMonsterKillQuestInfo.cpp">
      <Filter>Ex</Filter>
    </ClCompile>
    <ClCompile Include="..\client\MNPCTable.cpp">
      <Filter>Ex</Filter>
    </ClCompile>
    <ClCompile Include="..\client\MObject.cpp">
      <Filter>Ex</Filter>
    </ClCompile>
    <ClCompile Include="..\client\MOustersGear.cpp">
      <Filter>Ex</Filter>
    </ClCompile>
    <ClCompile Include="..\client\MParty.cpp">
      <Filter>Ex</Filter>
    </ClCompile>
    <ClCompile Include="..\client\MPlayerGear.cpp">
      <Filter>Ex</Filter>
    </ClCompile>
    <ClCompile Include="..\client\MPriceManager.cpp">
      <Filter>Ex</Filter>
    </ClCompile>
    <ClCompile Include="..\client\MQuestInfo.cpp">
      <Filter>Ex</Filter>
    </ClCompile>
    <ClCompile Include="..\client\MQuickSlot.cpp">
      <Filter>Ex</Filter>
    </ClCompile>
    <ClCompile Include="..\client\MShop.cpp">
      <Filter>Ex</Filter>
    </ClCompile>
    <ClCompile Include="..\client\MShopShelf.cpp">
      <Filter>Ex</Filter>
    </ClCompile>
    <ClCompile Include="..\client\MShopTemplate.cpp">
      <Filter>Ex</Filter>
    </ClCompile>
    <ClCompile Include="..\client\MSkillInfoTable.cpp">
      <Filter>Ex</Filter>
    </ClCompile>
    <ClCompile Include="..\client\MSkillManager.cpp">
      <Filter>Ex</Filter>
    </ClCompile>
    <ClCompile Include="..\client\MSlayerGear.cpp">
      <Filter>Ex</Filter>
    </ClCompile>
    <ClCompile Include="..\client\MSlotItemManager.cpp">
      <Filter>Ex</Filter>
    </ClCompile>
    <ClCompile Include="..\client\MSortedItemManager.cpp">
      <Filter>Ex</Filter>
    </ClCompile>
    <ClCompile Include="..\client\MSoundTable.cpp">
      <Filter>Ex</Filter>
    </ClCompile>
    <ClCompile Include="..\client\MStorage.cpp">
      <Filter>Ex</Filter>
    </ClCompile>
    <ClCompile Include="..\client\MString.cpp">
      <Filter>Ex</Filter>
    </ClCompile>
    <ClCompile Include="..\client\MStringArray.cpp">
      <Filter>Ex</Filter>
    </ClCompile>
    <ClCompile Include="..\client\MTimeItemManager.CPP">
      <Filter>Ex</Filter>
    </ClCompile>
    <ClCompile Include="..\client\MTradeManager.cpp">
      <Filter>Ex</Filter>
    </ClCompile>
    <ClCompile Include="..\client\MVampireGear.cpp">
      <Filter>Ex</Filter>
    </ClCompile>
    <ClCompile Include="..\client\MZoneTable.cpp">
      <Filter>Ex</Filter>
    </ClCompile>
    <ClCompile Include="..\client\ProfileManager.cpp">
      <Filter>Ex</Filter>
    </ClCompile>
    <ClCompile Include="..\client\Profiler.cpp">
      <Filter>Ex</Filter>
    </ClCompile>
    <ClCompile Include="..\client\packet\Properties.cpp">
      <Filter>Ex</Filter>
    </ClCompile>
    <ClCompile Include="..\client\RankBonusTable.cpp">
      <Filter>Ex</Filter>
    </ClCompile>
    <ClCompile Include="..\client\ShrineInfoManager.cpp">
      <Filter>Ex</Filter>
    </ClCompile>
    <ClCompile Include="..\client\packet\StringStream.cpp">
      <Filter>Ex</Filter>
    </ClCompile>
    <ClCompile Include="..\client\SXml\SXml.cpp">
      <Filter>Ex</Filter>
    </ClCompile>
    <ClCompile Include="..\client\SystemAvailabilities.cpp">
      <Filter>Ex</Filter>
    </ClCompile>
    <ClCompile Include="..\client\UserInformation.cpp">
      <Filter>Ex</Filter>
    </ClCompile>
    <ClCompile Include="..\client\UserOption.cpp">
      <Filter>Ex</Filter>
    </ClCompile>
    <ClCompile Include="..\client\UtilityFunction.cpp">
      <Filter>Ex</Filter>
    </ClCompile>
    <ClCompile Include="src\widget\mother.cpp">
      <Filter>Widget</Filter>
    </ClCompile>
    <ClCompile Include="src\widget\pi_core.cpp">
      <Filter>Widget</Filter>
    </ClCompile>
    <ClCompile Include="src\widget\u_button.cpp">
      <Filter>Widget</Filter>
    </ClCompile>
    <ClCompile Include="src\widget\U_edit.cpp">
      <Filter>Widget</Filter>
    </ClCompile>
    <ClCompile Include="src\widget\u_scrollbar.cpp">
      <Filter>Widget</Filter>
    </ClCompile>
    <ClCompile Include="src\widget\u_window.cpp">
      <Filter>Widget</Filter>
    </ClCompile>
    <ClCompile Include="src\hangul\Ci.cpp">
      <Filter>hangul</Filter>
    </ClCompile>
    <ClCompile Include="src\hangul\FL2.cpp">
      <Filter>hangul</Filter>
    </ClCompile>
    <ClCompile Include="src\Imm\CImm.cpp">
      <Filter>CImm</Filter>
    </ClCompile>
  </ItemGroup>
  <ItemGroup>
    <ClInclude Include="src\header\AcceleratorDef.h">
      <Filter>Header Files</Filter>
    </ClInclude>
    <ClInclude Include="src\header\AcceleratorManager.h">
      <Filter>Header Files</Filter>
    </ClInclude>
    <ClInclude Include="src\Imm\CImm.h">
      <Filter>Header Files</Filter>
    </ClInclude>
    <ClInclude Include="..\client\Client_PCH.h">
      <Filter>Header Files</Filter>
    </ClInclude>
    <ClInclude Include="src\header\KeyAccelerator.h">
      <Filter>Header Files</Filter>
    </ClInclude>
    <ClInclude Include="..\client\LeakMemoryDumper.h">
      <Filter>Header Files</Filter>
    </ClInclude>
    <ClInclude Include="src\header\SkinManager.h">
      <Filter>Header Files</Filter>
    </ClInclude>
    <ClInclude Include="src\header\VS_UI.h">
      <Filter>Header Files</Filter>
    </ClInclude>
    <ClInclude Include="src\header\VS_UI_Base.h">
      <Filter>Header Files</Filter>
    </ClInclude>
    <ClInclude Include="src\header\VS_UI_bbs.h">
      <Filter>Header Files</Filter>
    </ClInclude>
    <ClInclude Include="src\header\VS_UI_DESC.h">
      <Filter>Header Files</Filter>
    </ClInclude>
    <ClInclude Include="src\header\VS_UI_Description.h">
      <Filter>Header Files</Filter>
    </ClInclude>
    <ClInclude Include="src\header\VS_UI_descriptor.h">
      <Filter>Header Files</Filter>
    </ClInclude>
    <ClInclude Include="src\header\VS_UI_Dialog.h">
      <Filter>Header Files</Filter>
    </ClInclude>
    <ClInclude Include="src\header\VS_UI_ELEVATOR.h">
      <Filter>Header Files</Filter>
    </ClInclude>
    <ClInclude Include="src\header\VS_UI_Exception.h">
      <Filter>Header Files</Filter>
    </ClInclude>
    <ClInclude Include="src\header\VS_UI_Exchange.h">
      <Filter>Header Files</Filter>
    </ClInclude>
    <ClInclude Include="src\header\VS_UI_ExtraDialog.h">
      <Filter>Header Files</Filter>
    </ClInclude>
    <ClInclude Include="src\header\VS_UI_filepath.h">
      <Filter>Header Files</Filter>
    </ClInclude>
    <ClInclude Include="src\header\VS_UI_Game.h">
      <Filter>Header Files</Filter>
    </ClInclude>
    <ClInclude Include="src\header\VS_UI_GameCommon.h">
      <Filter>Header Files</Filter>
    </ClInclude>
    <ClInclude Include="src\header\VS_UI_GameCommon2.h">
      <Filter>Header Files</Filter>
    </ClInclude>
    <ClInclude Include="src\header\VS_UI_GameOusters.h">
      <Filter>Header Files</Filter>
    </ClInclude>
    <ClInclude Include="src\header\VS_UI_GameSlayer.h">
      <Filter>Header Files</Filter>
    </ClInclude>
    <ClInclude Include="src\header\VS_UI_GameVampire.h">
      <Filter>Header Files</Filter>
    </ClInclude>
    <ClInclude Include="src\header\VS_UI_GlobalResource.h">
      <Filter>Header Files</Filter>
    </ClInclude>
    <ClInclude Include="src\header\VS_UI_Helper.h">
      <Filter>Header Files</Filter>
    </ClInclude>
    <ClInclude Include="src\header\VS_UI_item.h">
      <Filter>Header Files</Filter>
    </ClInclude>
    <ClInclude Include="src\header\VS_UI_Message.h">
      <Filter>Header Files</Filter>
    </ClInclude>
    <ClInclude Include="src\header\VS_UI_mouse_pointer.h">
      <Filter>Header Files</Filter>
    </ClInclude>
    <ClInclude Include="src\header\VS_UI_PetStorage.h">
      <Filter>Header Files</Filter>
    </ClInclude>
    <ClInclude Include="src\header\VS_UI_progress.h">
      <Filter>Header Files</Filter>
    </ClInclude>
    <ClInclude Include="src\header\VS_UI_Shop.h">
      <Filter>Header Files</Filter>
    </ClInclude>
    <ClInclude Include="src\header\VS_UI_skill_tree.h">
      <Filter>Header Files</Filter>
    </ClInclude>
    <ClInclude Include="src\header\VS_UI_SKILL_VIEW.h">
      <Filter>Header Files</Filter>
    </ClInclude>
    <ClInclude Include="src\header\VS_UI_Storage.h">
      <Filter>Header Files</Filter>
    </ClInclude>
    <ClInclude Include="src\header\VS_UI_title.h">
      <Filter>Header Files</Filter>
    </ClInclude>
    <ClInclude Include="src\header\VS_UI_Tutorial.h">
      <Filter>Header Files</Filter>
    </ClInclude>
    <ClInclude Include="src\header\VS_UI_ui_result_receiver.h">
      <Filter>Header Files</Filter>
    </ClInclude>
    <ClInclude Include="src\header\VS_UI_UIMessage.h">
      <Filter>Header Files</Filter>
    </ClInclude>
    <ClInclude Include="src\header\VS_UI_util.h">
      <Filter>Header Files</Filter>
    </ClInclude>
    <ClInclude Include="src\header\VS_UI_WebBrowser.h">
      <Filter>Header Files</Filter>
    </ClInclude>
    <ClInclude Include="src\header\VS_UI_widget.h">
      <Filter>Header Files</Filter>
    </ClInclude>
    <ClInclude Include="..\client\ClientConfig.h">
      <Filter>Ex</Filter>
    </ClInclude>
    <ClInclude Include="..\client\ClientFunction.h">
      <Filter>Ex</Filter>
    </ClInclude>
    <ClInclude Include="..\client\CMessageArray.h">
      <Filter>Ex</Filter>
    </ClInclude>
    <ClInclude Include="..\client\CSoundPartManager.h">
      <Filter>Ex</Filter>
    </ClInclude>
    <ClInclude Include="..\client\CTypeTable.h">
      <Filter>Ex</Filter>
    </ClInclude>
    <ClInclude Include="..\client\DebugInfo.h">
      <Filter>Ex</Filter>
    </ClInclude>
    <ClInclude Include="..\client\ExperienceTable.h">
      <Filter>Ex</Filter>
    </ClInclude>
    <ClInclude Include="..\client\ExpInfo.h">
      <Filter>Ex</Filter>
    </ClInclude>
    <ClInclude Include="..\client\FameInfo.h">
      <Filter>Ex</Filter>
    </ClInclude>
    <ClInclude Include="..\client\MCreatureTable.h">
      <Filter>Ex</Filter>
    </ClInclude>
    <ClInclude Include="..\client\MEventManager.h">
      <Filter>Ex</Filter>
    </ClInclude>
    <ClInclude Include="..\client\MFunctionManager.h">
      <Filter>Ex</Filter>
    </ClInclude>
    <ClInclude Include="..\client\MGameStringTable.h">
      <Filter>Ex</Filter>
    </ClInclude>
    <ClInclude Include="..\client\MGridItemManager.h">
      <Filter>Ex</Filter>
    </ClInclude>
    <ClInclude Include="..\client\MGuildInfoMapper.h">
      <Filter>Ex</Filter>
    </ClInclude>
    <ClInclude Include="..\client\MGuildMarkManager.h">
      <Filter>Ex</Filter>
    </ClInclude>
    <ClInclude Include="..\client\MHelpMessageManager.h">
      <Filter>Ex</Filter>
    </ClInclude>
    <ClInclude Include="..\client\MInventory.h">
      <Filter>Ex</Filter>
    </ClInclude>
    <ClInclude Include="..\client\MItem.h">
      <Filter>Ex</Filter>
    </ClInclude>
    <ClInclude Include="..\client\MItemManager.h">
      <Filter>Ex</Filter>
    </ClInclude>
    <ClInclude Include="..\client\MItemOptionTable.h">
      <Filter>Ex</Filter>
    </ClInclude>
    <ClInclude Include="..\client\MItemTable.h">
      <Filter>Ex</Filter>
    </ClInclude>
    <ClInclude Include="..\client\MMoneyManager.h">
      <Filter>Ex</Filter>
    </ClInclude>
    <ClInclude Include="..\client\MMonsterKillQuestInfo.h">
      <Filter>Ex</Filter>
    </ClInclude>
    <ClInclude Include="..\client\MNPCTable.h">
      <Filter>Ex</Filter>
    </ClInclude>
    <ClInclude Include="..\client\MObject.h">
      <Filter>Ex</Filter>
    </ClInclude>
    <ClInclude Include="..\client\MOustersGear.h">
      <Filter>Ex</Filter>
    </ClInclude>
    <ClInclude Include="..\client\MParty.h">
      <Filter>Ex</Filter>
    </ClInclude>
    <ClInclude Include="..\client\MPlayerGear.h">
      <Filter>Ex</Filter>
    </ClInclude>
    <ClInclude Include="..\client\MPriceManager.h">
      <Filter>Ex</Filter>
    </ClInclude>
    <ClInclude Include="..\client\MQuestInfo.h">
      <Filter>Ex</Filter>
    </ClInclude>
    <ClInclude Include="..\client\MQuickSlot.h">
      <Filter>Ex</Filter>
    </ClInclude>
    <ClInclude Include="..\client\MShop.h">
      <Filter>Ex</Filter>
    </ClInclude>
    <ClInclude Include="..\client\MShopShelf.h">
      <Filter>Ex</Filter>
    </ClInclude>
    <ClInclude Include="..\client\MShopTemplateTable.h">
      <Filter>Ex</Filter>
    </ClInclude>
    <ClInclude Include="..\client\MSlayerGear.h">
      <Filter>Ex</Filter>
    </ClInclude>
    <ClInclude Include="..\client\MSlotItemManager.h">
      <Filter>Ex</Filter>
    </ClInclude>
    <ClInclude Include="..\client\MSortedItemManager.h">
      <Filter>Ex</Filter>
    </ClInclude>
    <ClInclude Include="..\client\MSoundTable.h">
      <Filter>Ex</Filter>
    </ClInclude>
    <ClInclude Include="..\client\MStorage.h">
      <Filter>Ex</Filter>
    </ClInclude>
    <ClInclude Include="..\client\MString.h">
      <Filter>Ex</Filter>
    </ClInclude>
    <ClInclude Include="..\client\MStringArray.h">
      <Filter>Ex</Filter>
    </ClInclude>
    <ClInclude Include="..\client\MTimeItemManager.h">
      <Filter>Ex</Filter>
    </ClInclude>
    <ClInclude Include="..\client\MTradeManager.h">
      <Filter>Ex</Filter>
    </ClInclude>
    <ClInclude Include="..\client\MVampireGear.h">
      <Filter>Ex</Filter>
    </ClInclude>
    <ClInclude Include="..\client\MZoneTable.h">
      <Filter>Ex</Filter>
    </ClInclude>
    <ClInclude Include="..\client\ProfileManager.h">
      <Filter>Ex</Filter>
    </ClInclude>
    <ClInclude Include="..\client\Profiler.h">
      <Filter>Ex</Filter>
    </ClInclude>
    <ClInclude Include="..\client\packet\Properties.h">
      <Filter>Ex</Filter>
    </ClInclude>
    <ClInclude Include="..\client\RankBonusDef.h">
      <Filter>Ex</Filter>
    </ClInclude>
    <ClInclude Include="..\client\RankBonusTable.h">
      <Filter>Ex</Filter>
    </ClInclude>
    <ClInclude Include="..\client\ShrineInfoManager.h">
      <Filter>Ex</Filter>
    </ClInclude>
    <ClInclude Include="..\client\packet\StringStream.h">
      <Filter>Ex</Filter>
    </ClInclude>
    <ClInclude Include="..\client\SXml\SXml.h">
      <Filter>Ex</Filter>
    </ClInclude>
    <ClInclude Include="..\client\UserInformation.h">
      <Filter>Ex</Filter>
    </ClInclude>
    <ClInclude Include="..\client\UserOption.h">
      <Filter>Ex</Filter>
    </ClInclude>
    <ClInclude Include="..\client\UtilityFunction.h">
      <Filter>Ex</Filter>
    </ClInclude>
    <ClInclude Include="src\widget\mother.h">
      <Filter>Widget</Filter>
    </ClInclude>
    <ClInclude Include="src\widget\PI.H">
      <Filter>Widget</Filter>
    </ClInclude>
    <ClInclude Include="src\widget\pi_core.h">
      <Filter>Widget</Filter>
    </ClInclude>
    <ClInclude Include="src\widget\SimpleDataList.h">
      <Filter>Widget</Filter>
    </ClInclude>
    <ClInclude Include="src\widget\u_button.h">
      <Filter>Widget</Filter>
    </ClInclude>
    <ClInclude Include="src\widget\U_edit.h">
      <Filter>Widget</Filter>
    </ClInclude>
    <ClInclude Include="src\widget\u_scrollbar.h">
      <Filter>Widget</Filter>
    </ClInclude>
    <ClInclude Include="src\widget\u_window.h">
      <Filter>Widget</Filter>
    </ClInclude>
    <ClInclude Include="src\widget\unicorn.h">
      <Filter>Widget</Filter>
    </ClInclude>
    <ClInclude Include="src\hangul\Ci.h">
      <Filter>hangul</Filter>
    </ClInclude>
    <ClInclude Include="src\hangul\Fl2.h">
      <Filter>hangul</Filter>
    </ClInclude>
    <ClInclude Include="src\Imm\FeelitAPI.h">
      <Filter>CImm</Filter>
    </ClInclude>
    <ClInclude Include="src\Imm\IFC.h">
      <Filter>CImm</Filter>
    </ClInclude>
    <ClInclude Include="src\Imm\IFCErrors.h">
      <Filter>CImm</Filter>
    </ClInclude>
    <ClInclude Include="src\Imm\ImmBaseTypes.h">
      <Filter>CImm</Filter>
    </ClInclude>
    <ClInclude Include="src\Imm\ImmBox.h">
      <Filter>CImm</Filter>
    </ClInclude>
    <ClInclude Include="src\Imm\ImmCompoundEffect.h">
      <Filter>CImm</Filter>
    </ClInclude>
    <ClInclude Include="src\Imm\ImmCondition.h">
      <Filter>CImm</Filter>
    </ClInclude>
    <ClInclude Include="src\Imm\ImmConstant.h">
      <Filter>CImm</Filter>
    </ClInclude>
    <ClInclude Include="src\Imm\ImmDamper.h">
      <Filter>CImm</Filter>
    </ClInclude>
    <ClInclude Include="src\Imm\ImmDevice.h">
      <Filter>CImm</Filter>
    </ClInclude>
    <ClInclude Include="src\Imm\ImmDevices.h">
      <Filter>CImm</Filter>
    </ClInclude>
    <ClInclude Include="src\Imm\ImmDXDevice.h">
      <Filter>CImm</Filter>
    </ClInclude>
    <ClInclude Include="src\Imm\ImmEffect.h">
      <Filter>CImm</Filter>
    </ClInclude>
    <ClInclude Include="src\Imm\ImmEffectSuite.h">
      <Filter>CImm</Filter>
    </ClInclude>
    <ClInclude Include="src\Imm\ImmEllipse.h">
      <Filter>CImm</Filter>
    </ClInclude>
    <ClInclude Include="src\Imm\ImmEnclosure.h">
      <Filter>CImm</Filter>
    </ClInclude>
    <ClInclude Include="src\Imm\ImmFriction.h">
      <Filter>CImm</Filter>
    </ClInclude>
    <ClInclude Include="src\Imm\ImmGrid.h">
      <Filter>CImm</Filter>
    </ClInclude>
    <ClInclude Include="src\Imm\ImmIFR.h">
      <Filter>CImm</Filter>
    </ClInclude>
    <ClInclude Include="src\Imm\ImmInertia.h">
      <Filter>CImm</Filter>
    </ClInclude>
    <ClInclude Include="src\Imm\ImmMouse.h">
      <Filter>CImm</Filter>
    </ClInclude>
    <ClInclude Include="src\Imm\ImmPeriodic.h">
      <Filter>CImm</Filter>
    </ClInclude>
    <ClInclude Include="src\Imm\ImmProjects.h">
      <Filter>CImm</Filter>
    </ClInclude>
    <ClInclude Include="src\Imm\ImmRamp.h">
      <Filter>CImm</Filter>
    </ClInclude>
    <ClInclude Include="src\Imm\ImmSpring.h">
      <Filter>CImm</Filter>
    </ClInclude>
    <ClInclude Include="src\Imm\ImmTexture.h">
      <Filter>CImm</Filter>
    </ClInclude>
  </ItemGroup>
</Project>