<?xml version="1.0" encoding="utf-8"?>
<Project ToolsVersion="4.0" xmlns="http://schemas.microsoft.com/developer/msbuild/2003">
  <ItemGroup>
    <Filter Include="Source Files">
      <UniqueIdentifier>{ad41bed7-0eab-476e-b5dd-6eadd99c364b}</UniqueIdentifier>
      <Extensions>cpp;c;cxx;rc;def;r;odl;idl;hpj;bat</Extensions>
    </Filter>
    <Filter Include="Header Files">
      <UniqueIdentifier>{dffaf3e1-5d98-4ccb-ad6e-362e9d2a11c9}</UniqueIdentifier>
      <Extensions>h;hpp;hxx;hm;inl</Extensions>
    </Filter>
  </ItemGroup>
  <ItemGroup>
    <ClCompile Include="BIT_RES.CPP">
      <Filter>Source Files</Filter>
    </ClCompile>
    <ClCompile Include="CDirectDraw.cpp">
      <Filter>Source Files</Filter>
    </ClCompile>
    <ClCompile Include="CDirectDrawSurface.cpp">
      <Filter>Source Files</Filter>
    </ClCompile>
    <ClCompile Include="CDirectInput.cpp">
      <Filter>Source Files</Filter>
    </ClCompile>
    <ClCompile Include="CDirectMusic.cpp">
      <Filter>Source Files</Filter>
    </ClCompile>
    <ClCompile Include="CDirectSetupGetVersion.cpp">
      <Filter>Source Files</Filter>
    </ClCompile>
    <ClCompile Include="CDirectSound.cpp">
      <Filter>Source Files</Filter>
    </ClCompile>
    <ClCompile Include="CDirectSoundStream.cpp">
      <Filter>Source Files</Filter>
    </ClCompile>
    <ClCompile Include="..\CMP3.cpp">
      <Filter>Source Files</Filter>
    </ClCompile>
    <ClCompile Include="..\COGGSTREAM.CPP">
      <Filter>Source Files</Filter>
    </ClCompile>
    <ClCompile Include="header.cpp">
      <Filter>Source Files</Filter>
    </ClCompile>
    <ClCompile Include="huffman.cpp">
      <Filter>Source Files</Filter>
    </ClCompile>
    <ClCompile Include="mp3.cpp">
      <Filter>Source Files</Filter>
    </ClCompile>
    <ClCompile Include="reader.cpp">
      <Filter>Source Files</Filter>
    </ClCompile>
    <ClCompile Include="soundbuf.cpp">
      <Filter>Source Files</Filter>
    </ClCompile>
    <ClCompile Include="subdecoder.cpp">
      <Filter>Source Files</Filter>
    </ClCompile>
    <ClCompile Include="synfilt.cpp">
      <Filter>Source Files</Filter>
    </ClCompile>
  </ItemGroup>
  <ItemGroup>
    <Library Include="vorbis.lib">
      <Filter>Source Files</Filter>
    </Library>
    <Library Include="vorbisfile.lib">
      <Filter>Source Files</Filter>
    </Library>
    <Library Include="ogg.lib">
      <Filter>Source Files</Filter>
    </Library>
  </ItemGroup>
  <ItemGroup>
    <ClInclude Include="BIT_RES.H">
      <Filter>Header Files</Filter>
    </ClInclude>
    <ClInclude Include="CDirectDraw.h">
      <Filter>Header Files</Filter>
    </ClInclude>
    <ClInclude Include="CDirectDrawSurface.h">
      <Filter>Header Files</Filter>
    </ClInclude>
    <ClInclude Include="CDirectInput.h">
      <Filter>Header Files</Filter>
    </ClInclude>
    <ClInclude Include="CDirectMusic.h">
      <Filter>Header Files</Filter>
    </ClInclude>
    <ClInclude Include="CDirectSetup.h">
      <Filter>Header Files</Filter>
    </ClInclude>
    <ClInclude Include="CDirectSound.h">
      <Filter>Header Files</Filter>
    </ClInclude>
    <ClInclude Include="CDirectSoundStream.h">
      <Filter>Header Files</Filter>
    </ClInclude>
    <ClInclude Include="..\CMP3.h">
      <Filter>Header Files</Filter>
    </ClInclude>
    <ClInclude Include="codec.h">
      <Filter>Header Files</Filter>
    </ClInclude>
    <ClInclude Include="..\COGGSTREAM.H">
      <Filter>Header Files</Filter>
    </ClInclude>
    <ClInclude Include="common.h">
      <Filter>Header Files</Filter>
    </ClInclude>
    <ClInclude Include="config_types.h">
      <Filter>Header Files</Filter>
    </ClInclude>
    <ClInclude Include="DXLib.h">
      <Filter>Header Files</Filter>
    </ClInclude>
    <ClInclude Include="header.h">
      <Filter>Header Files</Filter>
    </ClInclude>
    <ClInclude Include="huffman.h">
      <Filter>Header Files</Filter>
    </ClInclude>
    <ClInclude Include="l3types.h">
      <Filter>Header Files</Filter>
    </ClInclude>
    <ClInclude Include="mp3.h">
      <Filter>Header Files</Filter>
    </ClInclude>
    <ClInclude Include="ogg.h">
      <Filter>Header Files</Filter>
    </ClInclude>
    <ClInclude Include="os_types.h">
      <Filter>Header Files</Filter>
    </ClInclude>
    <ClInclude Include="reader.h">
      <Filter>Header Files</Filter>
    </ClInclude>
    <ClInclude Include="soundbuf.h">
      <Filter>Header Files</Filter>
    </ClInclude>
    <ClInclude Include="vorbisenc.h">
      <Filter>Header Files</Filter>
    </ClInclude>
    <ClInclude Include="vorbisfile.h">
      <Filter>Header Files</Filter>
    </ClInclude>
  </ItemGroup>
</Project>