<?xml version="1.0" encoding="utf-8"?>
<Project ToolsVersion="4.0" xmlns="http://schemas.microsoft.com/developer/msbuild/2003">
  <ItemGroup>
    <Filter Include="Source Files">
      <UniqueIdentifier>{aa876803-b098-4c2f-a9c0-be03e26e0fe7}</UniqueIdentifier>
      <Extensions>cpp;c;cxx;rc;def;r;odl;idl;hpj;bat</Extensions>
    </Filter>
    <Filter Include="Header Files">
      <UniqueIdentifier>{f31653e5-9627-4c75-964f-26498ddc26c9}</UniqueIdentifier>
      <Extensions>h;hpp;hxx;hm;inl</Extensions>
    </Filter>
  </ItemGroup>
  <ItemGroup>
    <ClCompile Include="CAlphaSprite.cpp">
      <Filter>Source Files</Filter>
    </ClCompile>
    <ClCompile Include="CAlphaSprite555.cpp">
      <Filter>Source Files</Filter>
    </ClCompile>
    <ClCompile Include="CAlphaSprite565.cpp">
      <Filter>Source Files</Filter>
    </ClCompile>
    <ClCompile Include="CAlphaSpritePal.cpp">
      <Filter>Source Files</Filter>
    </ClCompile>
    <ClCompile Include="CFilter.cpp">
      <Filter>Source Files</Filter>
    </ClCompile>
    <ClCompile Include="CIndexSprite.cpp">
      <Filter>Source Files</Filter>
    </ClCompile>
    <ClCompile Include="CIndexSprite555.cpp">
      <Filter>Source Files</Filter>
    </ClCompile>
    <ClCompile Include="CIndexSprite565.cpp">
      <Filter>Source Files</Filter>
    </ClCompile>
    <ClCompile Include="CIndexSpritePack.cpp">
      <Filter>Source Files</Filter>
    </ClCompile>
    <ClCompile Include="CShadowSprite.cpp">
      <Filter>Source Files</Filter>
    </ClCompile>
    <ClCompile Include="CSprite.cpp">
      <Filter>Source Files</Filter>
    </ClCompile>
    <ClCompile Include="CSprite555.cpp">
      <Filter>Source Files</Filter>
    </ClCompile>
    <ClCompile Include="CSprite565.cpp">
      <Filter>Source Files</Filter>
    </ClCompile>
    <ClCompile Include="CSpriteDef.cpp">
      <Filter>Source Files</Filter>
    </ClCompile>
    <ClCompile Include="CSpriteOutlineManager.cpp">
      <Filter>Source Files</Filter>
    </ClCompile>
    <ClCompile Include="CSpritePack.cpp">
      <Filter>Source Files</Filter>
    </ClCompile>
    <ClCompile Include="CSpritePackList.cpp">
      <Filter>Source Files</Filter>
    </ClCompile>
    <ClCompile Include="CSpritePal.cpp">
      <Filter>Source Files</Filter>
    </ClCompile>
    <ClCompile Include="CSpritePalBase.cpp">
      <Filter>Source Files</Filter>
    </ClCompile>
    <ClCompile Include="CSpriteSet.cpp">
      <Filter>Source Files</Filter>
    </ClCompile>
    <ClCompile Include="CSpriteSetManager.cpp">
      <Filter>Source Files</Filter>
    </ClCompile>
    <ClCompile Include="CSpriteSurface.cpp">
      <Filter>Source Files</Filter>
    </ClCompile>
    <ClCompile Include="CStorageSurface.cpp">
      <Filter>Source Files</Filter>
    </ClCompile>
    <ClCompile Include="MPalette.cpp">
      <Filter>Source Files</Filter>
    </ClCompile>
    <ClCompile Include="MPalettePack.cpp">
      <Filter>Source Files</Filter>
    </ClCompile>
  </ItemGroup>
  <ItemGroup>
    <ClInclude Include="CAlphaSpritePal.h">
      <Filter>Header Files</Filter>
    </ClInclude>
    <ClInclude Include="CFileIndexTable.h">
      <Filter>Header Files</Filter>
    </ClInclude>
    <ClInclude Include="CFilter.h">
      <Filter>Header Files</Filter>
    </ClInclude>
    <ClInclude Include="CIndexSprite.h">
      <Filter>Header Files</Filter>
    </ClInclude>
    <ClInclude Include="CIndexSprite555.h">
      <Filter>Header Files</Filter>
    </ClInclude>
    <ClInclude Include="CIndexSprite565.h">
      <Filter>Header Files</Filter>
    </ClInclude>
    <ClInclude Include="CIndexSpritePack.h">
      <Filter>Header Files</Filter>
    </ClInclude>
    <ClInclude Include="CSetManager.h">
      <Filter>Header Files</Filter>
    </ClInclude>
    <ClInclude Include="CShadowSprite.h">
      <Filter>Header Files</Filter>
    </ClInclude>
    <ClInclude Include="CSprite.h">
      <Filter>Header Files</Filter>
    </ClInclude>
    <ClInclude Include="CSprite555.h">
      <Filter>Header Files</Filter>
    </ClInclude>
    <ClInclude Include="CSprite565.h">
      <Filter>Header Files</Filter>
    </ClInclude>
    <ClInclude Include="CSpriteDef.h">
      <Filter>Header Files</Filter>
    </ClInclude>
    <ClInclude Include="CSpriteOutlineManager.h">
      <Filter>Header Files</Filter>
    </ClInclude>
    <ClInclude Include="CSpritePack.h">
      <Filter>Header Files</Filter>
    </ClInclude>
    <ClInclude Include="CSpritePackList.h">
      <Filter>Header Files</Filter>
    </ClInclude>
    <ClInclude Include="CSpritePackList555.h">
      <Filter>Header Files</Filter>
    </ClInclude>
    <ClInclude Include="CSpritePackList565.h">
      <Filter>Header Files</Filter>
    </ClInclude>
    <ClInclude Include="CSpritePal.h">
      <Filter>Header Files</Filter>
    </ClInclude>
    <ClInclude Include="CSpritePalBase.h">
      <Filter>Header Files</Filter>
    </ClInclude>
    <ClInclude Include="CSpriteSet.h">
      <Filter>Header Files</Filter>
    </ClInclude>
    <ClInclude Include="CSpriteSetManager.h">
      <Filter>Header Files</Filter>
    </ClInclude>
    <ClInclude Include="CSpriteSurface.h">
      <Filter>Header Files</Filter>
    </ClInclude>
    <ClInclude Include="CStorageSurface.h">
      <Filter>Header Files</Filter>
    </ClInclude>
    <ClInclude Include="CTypePack.h">
      <Filter>Header Files</Filter>
    </ClInclude>
    <ClInclude Include="CTypePackVector.h">
      <Filter>Header Files</Filter>
    </ClInclude>
    <ClInclude Include="DrawTypeDef.h">
      <Filter>Header Files</Filter>
    </ClInclude>
    <ClInclude Include="MPalette.h">
      <Filter>Header Files</Filter>
    </ClInclude>
    <ClInclude Include="MPalettePack.h">
      <Filter>Header Files</Filter>
    </ClInclude>
    <ClInclude Include="SP.h">
      <Filter>Header Files</Filter>
    </ClInclude>
    <ClInclude Include="TArray.h">
      <Filter>Header Files</Filter>
    </ClInclude>
  </ItemGroup>
</Project>