<?xml version="1.0" encoding="utf-8"?>
<Project ToolsVersion="4.0" xmlns="http://schemas.microsoft.com/developer/msbuild/2003">
  <ItemGroup>
    <Filter Include="Source Files">
      <UniqueIdentifier>{3ed72543-b778-4fd3-91c9-1ab23fa0805a}</UniqueIdentifier>
      <Extensions>cpp;c;cxx;rc;def;r;odl;idl;hpj;bat</Extensions>
    </Filter>
    <Filter Include="Header Files">
      <UniqueIdentifier>{f82bd3d0-d189-4f57-8eca-9d832456582d}</UniqueIdentifier>
      <Extensions>h;hpp;hxx;hm;inl</Extensions>
    </Filter>
  </ItemGroup>
  <ItemGroup>
    <ClCompile Include="CWinMain.cpp">
      <Filter>Source Files</Filter>
    </ClCompile>
    <ClCompile Include="CWinUpdate.cpp">
      <Filter>Source Files</Filter>
    </ClCompile>
  </ItemGroup>
  <ItemGroup>
    <ClInclude Include="CWinMain.h">
      <Filter>Header Files</Filter>
    </ClInclude>
    <ClInclude Include="CWinMainInfo.h">
      <Filter>Header Files</Filter>
    </ClInclude>
    <ClInclude Include="CWinUpdate.h">
      <Filter>Header Files</Filter>
    </ClInclude>
    <ClInclude Include="WinLib.h">
      <Filter>Header Files</Filter>
    </ClInclude>
  </ItemGroup>
</Project>