<?xml version="1.0" encoding="utf-8"?>
<Project ToolsVersion="4.0" xmlns="http://schemas.microsoft.com/developer/msbuild/2003">
  <ItemGroup>
    <Filter Include="Header Files">
      <UniqueIdentifier>{b39e6c23-152f-46c4-ac88-98d6d63462ca}</UniqueIdentifier>
      <Extensions>h;hpp;hxx;hm;inl</Extensions>
    </Filter>
    <Filter Include="Source Files">
      <UniqueIdentifier>{a3f75d45-a75f-4f89-aabf-abcbd3ca509d}</UniqueIdentifier>
      <Extensions>cpp;c;cxx;rc;def;r;odl;idl;hpj;bat</Extensions>
    </Filter>
  </ItemGroup>
  <ItemGroup>
    <ClInclude Include="CD3DMath.h">
      <Filter>Header Files</Filter>
    </ClInclude>
    <ClInclude Include="CD3DObject.h">
      <Filter>Header Files</Filter>
    </ClInclude>
    <ClInclude Include="CD3DTextureEffect.h">
      <Filter>Header Files</Filter>
    </ClInclude>
    <ClInclude Include="CDirect3D.h">
      <Filter>Header Files</Filter>
    </ClInclude>
    <ClInclude Include="CTexturePack.h">
      <Filter>Header Files</Filter>
    </ClInclude>
    <ClInclude Include="d3dutil.h">
      <Filter>Header Files</Filter>
    </ClInclude>
    <ClInclude Include="DX3D.h">
      <Filter>Header Files</Filter>
    </ClInclude>
  </ItemGroup>
  <ItemGroup>
    <ClCompile Include="CD3DMath.cpp">
      <Filter>Source Files</Filter>
    </ClCompile>
    <ClCompile Include="CD3DObject.cpp">
      <Filter>Source Files</Filter>
    </ClCompile>
    <ClCompile Include="CD3DTextureEffect.cpp">
      <Filter>Source Files</Filter>
    </ClCompile>
    <ClCompile Include="CDirect3D.cpp">
      <Filter>Source Files</Filter>
    </ClCompile>
    <ClCompile Include="CTexturePack.cpp">
      <Filter>Source Files</Filter>
    </ClCompile>
    <ClCompile Include="d3dutil.cpp">
      <Filter>Source Files</Filter>
    </ClCompile>
  </ItemGroup>
</Project>